<?xml version="1.0" encoding="utf-8"?>
<Project ToolsVersion="4.0" xmlns="http://schemas.microsoft.com/developer/msbuild/2003">
  <ItemGroup>
    <Filter Include="Source Files">
      <UniqueIdentifier>{4FC737F1-C7A5-4376-A066-2A32D752A2FF}</UniqueIdentifier>
      <Extensions>cpp;c;cc;cxx;def;odl;idl;hpj;bat;asm;asmx</Extensions>
    </Filter>
    <Filter Include="Header Files">
      <UniqueIdentifier>{93995380-89BD-4b04-88EB-625FBE52EBFB}</UniqueIdentifier>
      <Extensions>h;hh;hpp;hxx;hm;inl;inc;ipp;xsd</Extensions>
    </Filter>
    <Filter Include="Resource Files">
      <UniqueIdentifier>{67DA6AB6-F800-4c08-8B7A-83BB121AAD01}</UniqueIdentifier>
      <Extensions>rc;ico;cur;bmp;dlg;rc2;rct;bin;rgs;gif;jpg;jpeg;jpe;resx;tiff;tif;png;wav;mfcribbon-ms</Extensions>
    </Filter>
  </ItemGroup>
  <ItemGroup>
    <ClCompile Include="src\Astat\Logging\Logger.cpp">
      <Filter>Source Files</Filter>
    </ClCompile>
    <ClCompile Include="src\Astat\Application.cpp">
      <Filter>Source Files</Filter>
    </ClCompile>
    <ClCompile Include="src\Astat\Networking\TCP\TcpListner.cpp">
      <Filter>Source Files</Filter>
    </ClCompile>
    <ClCompile Include="src\atpch.cpp">
      <Filter>Source Files</Filter>
    </ClCompile>
    <ClCompile Include="src\Astat\Networking\HTTP\HttpServer.cpp">
      <Filter>Source Files</Filter>
    </ClCompile>
    <ClCompile Include="src\Astat\Utils\FileUtils.cpp">
      <Filter>Source Files</Filter>
    </ClCompile>
    <ClCompile Include="src\Astat\Networking\HTTP\HttpError.cpp">
      <Filter>Source Files</Filter>
    </ClCompile>
    <ClCompile Include="src\Astat\Utils\ConfigUtils.cpp">
      <Filter>Source Files</Filter>
    </ClCompile>
    <ClCompile Include="src\Astat\Networking\TLS\Tls10.cpp">
      <Filter>Source Files</Filter>
    </ClCompile>
    <ClCompile Include="src\Astat\Networking\Layer.cpp">
      <Filter>Source Files</Filter>
    </ClCompile>
  </ItemGroup>
  <ItemGroup>
    <ClInclude Include="src\Astat\Logging\Logger.h">
      <Filter>Header Files</Filter>
    </ClInclude>
    <ClInclude Include="src\Astat\Networking\TCP\TcpListner.h">
      <Filter>Header Files</Filter>
    </ClInclude>
    <ClInclude Include="src\atpch.h">
      <Filter>Header Files</Filter>
    </ClInclude>
    <ClInclude Include="src\Astat\Networking\HTTP\HttpServer.h">
      <Filter>Header Files</Filter>
    </ClInclude>
    <ClInclude Include="src\Astat\Utils\FileUtils.h">
      <Filter>Header Files</Filter>
    </ClInclude>
    <ClInclude Include="src\Astat\Networking\HTTP\HttpError.h">
      <Filter>Header Files</Filter>
    </ClInclude>
    <ClInclude Include="src\Astat\Astat.h">
      <Filter>Header Files</Filter>
    </ClInclude>
    <ClInclude Include="src\Astat\Utils\ConfigUtils.h">
      <Filter>Header Files</Filter>
    </ClInclude>
    <ClInclude Include="src\Astat\Networking\TLS\Tls10.h">
      <Filter>Header Files</Filter>
    </ClInclude>
  </ItemGroup>
  <ItemGroup>
    <None Include="www\public\index.htm" />
    <None Include="config.config" />
    <None Include="www\public\templates\navbar.template" />
    <None Include="www\public\templates\footer.template" />
    <None Include="www\public\templates\head.template" />
  </ItemGroup>
</Project>